
Microsoft Visual Studio Solution File, Format Version 12.00
# Visual Studio Version 17
VisualStudioVersion = 17.0.31903.59
MinimumVisualStudioVersion = 10.0.40219.1
Project("{FAE04EC0-301F-11D3-BF4B-00C04F79EFBC}") = "EjerciciosUrieltest", "EjerciciosUrieltest\EjerciciosUrieltest.csproj", "{D5653C49-2545-45D0-8FB9-B426CC585B7B}"
EndProject
Project("{FAE04EC0-301F-11D3-BF4B-00C04F79EFBC}") = "Ejercicios Uriel", "Ejercicios Uriel\Ejercicios Uriel.csproj", "{6685E069-9163-46FF-9A5A-D10CFBFADF16}"
EndProject
Global
	GlobalSection(SolutionConfigurationPlatforms) = preSolution
		Debug|Any CPU = Debug|Any CPU
		Release|Any CPU = Release|Any CPU
	EndGlobalSection
	GlobalSection(SolutionProperties) = preSolution
		HideSolutionNode = FALSE
	EndGlobalSection
	GlobalSection(ProjectConfigurationPlatforms) = postSolution
		{D5653C49-2545-45D0-8FB9-B426CC585B7B}.Debug|Any CPU.ActiveCfg = Debug|Any CPU
		{D5653C49-2545-45D0-8FB9-B426CC585B7B}.Debug|Any CPU.Build.0 = Debug|Any CPU
		{D5653C49-2545-45D0-8FB9-B426CC585B7B}.Release|Any CPU.ActiveCfg = Release|Any CPU
		{D5653C49-2545-45D0-8FB9-B426CC585B7B}.Release|Any CPU.Build.0 = Release|Any CPU
		{6685E069-9163-46FF-9A5A-D10CFBFADF16}.Debug|Any CPU.ActiveCfg = Debug|Any CPU
		{6685E069-9163-46FF-9A5A-D10CFBFADF16}.Debug|Any CPU.Build.0 = Debug|Any CPU
		{6685E069-9163-46FF-9A5A-D10CFBFADF16}.Release|Any CPU.ActiveCfg = Release|Any CPU
		{6685E069-9163-46FF-9A5A-D10CFBFADF16}.Release|Any CPU.Build.0 = Release|Any CPU
	EndGlobalSection
EndGlobal
