
Microsoft Visual Studio Solution File, Format Version 12.00
# Visual Studio Version 17
VisualStudioVersion = 17.0.31903.59
MinimumVisualStudioVersion = 10.0.40219.1
Project("{FAE04EC0-301F-11D3-BF4B-00C04F79EFBC}") = "Ejercicios Uriel", "Ejercicios Uriel\Ejercicios Uriel.csproj", "{EF50FB0E-53D2-4A71-94D6-4C53DE7008EE}"
EndProject
Global
	GlobalSection(SolutionConfigurationPlatforms) = preSolution
		Debug|Any CPU = Debug|Any CPU
		Release|Any CPU = Release|Any CPU
	EndGlobalSection
	GlobalSection(SolutionProperties) = preSolution
		HideSolutionNode = FALSE
	EndGlobalSection
	GlobalSection(ProjectConfigurationPlatforms) = postSolution
		{EF50FB0E-53D2-4A71-94D6-4C53DE7008EE}.Debug|Any CPU.ActiveCfg = Debug|Any CPU
		{EF50FB0E-53D2-4A71-94D6-4C53DE7008EE}.Debug|Any CPU.Build.0 = Debug|Any CPU
		{EF50FB0E-53D2-4A71-94D6-4C53DE7008EE}.Release|Any CPU.ActiveCfg = Release|Any CPU
		{EF50FB0E-53D2-4A71-94D6-4C53DE7008EE}.Release|Any CPU.Build.0 = Release|Any CPU
	EndGlobalSection
EndGlobal
